// !$*UTF8*$!
{
	archiveVersion = 1;
	classes = {
	};
	objectVersion = 46;
	objects = {

/* Begin PBXBuildFile section */
		9316EDFE1D89018A00A209BF /* main.m in Sources */ = {isa = PBXBuildFile; fileRef = 9316EDFD1D89018A00A209BF /* main.m */; };
		9316EE011D89018A00A209BF /* AppDelegate.m in Sources */ = {isa = PBXBuildFile; fileRef = 9316EE001D89018A00A209BF /* AppDelegate.m */; };
		9316EE041D89018A00A209BF /* ViewController.m in Sources */ = {isa = PBXBuildFile; fileRef = 9316EE031D89018A00A209BF /* ViewController.m */; };
		9316EE071D89018A00A209BF /* Main.storyboard in Resources */ = {isa = PBXBuildFile; fileRef = 9316EE051D89018A00A209BF /* Main.storyboard */; };
		9316EE091D89018A00A209BF /* Assets.xcassets in Resources */ = {isa = PBXBuildFile; fileRef = 9316EE081D89018A00A209BF /* Assets.xcassets */; };
		9316EE0C1D89018A00A209BF /* LaunchScreen.storyboard in Resources */ = {isa = PBXBuildFile; fileRef = 9316EE0A1D89018A00A209BF /* LaunchScreen.storyboard */; };
		9316EE171D89018A00A209BF /* App_BTests.m in Sources */ = {isa = PBXBuildFile; fileRef = 9316EE161D89018A00A209BF /* App_BTests.m */; };
		9316EE221D89018A00A209BF /* App_BUITests.m in Sources */ = {isa = PBXBuildFile; fileRef = 9316EE211D89018A00A209BF /* App_BUITests.m */; };
		9316EE311D89758E00A209BF /* Page1ViewController.m in Sources */ = {isa = PBXBuildFile; fileRef = 9316EE301D89758E00A209BF /* Page1ViewController.m */; };
		9316EE341D8975B100A209BF /* Page2ViewController.m in Sources */ = {isa = PBXBuildFile; fileRef = 9316EE331D8975B100A209BF /* Page2ViewController.m */; };
/* End PBXBuildFile section */

/* Begin PBXContainerItemProxy section */
		9316EE131D89018A00A209BF /* PBXContainerItemProxy */ = {
			isa = PBXContainerItemProxy;
			containerPortal = 9316EDF11D89018A00A209BF /* Project object */;
			proxyType = 1;
			remoteGlobalIDString = 9316EDF81D89018A00A209BF;
			remoteInfo = "App-B";
		};
		9316EE1E1D89018A00A209BF /* PBXContainerItemProxy */ = {
			isa = PBXContainerItemProxy;
			containerPortal = 9316EDF11D89018A00A209BF /* Project object */;
			proxyType = 1;
			remoteGlobalIDString = 9316EDF81D89018A00A209BF;
			remoteInfo = "App-B";
		};
/* End PBXContainerItemProxy section */

/* Begin PBXFileReference section */
		9316EDF91D89018A00A209BF /* App-B.app */ = {isa = PBXFileReference; explicitFileType = wrapper.application; includeInIndex = 0; path = "App-B.app"; sourceTree = BUILT_PRODUCTS_DIR; };
		9316EDFD1D89018A00A209BF /* main.m */ = {isa = PBXFileReference; lastKnownFileType = sourcecode.c.objc; path = main.m; sourceTree = "<group>"; };
		9316EDFF1D89018A00A209BF /* AppDelegate.h */ = {isa = PBXFileReference; lastKnownFileType = sourcecode.c.h; path = AppDelegate.h; sourceTree = "<group>"; };
		9316EE001D89018A00A209BF /* AppDelegate.m */ = {isa = PBXFileReference; lastKnownFileType = sourcecode.c.objc; path = AppDelegate.m; sourceTree = "<group>"; };
		9316EE021D89018A00A209BF /* ViewController.h */ = {isa = PBXFileReference; lastKnownFileType = sourcecode.c.h; path = ViewController.h; sourceTree = "<group>"; };
		9316EE031D89018A00A209BF /* ViewController.m */ = {isa = PBXFileReference; lastKnownFileType = sourcecode.c.objc; path = ViewController.m; sourceTree = "<group>"; };
		9316EE061D89018A00A209BF /* Base */ = {isa = PBXFileReference; lastKnownFileType = file.storyboard; name = Base; path = Base.lproj/Main.storyboard; sourceTree = "<group>"; };
		9316EE081D89018A00A209BF /* Assets.xcassets */ = {isa = PBXFileReference; lastKnownFileType = folder.assetcatalog; path = Assets.xcassets; sourceTree = "<group>"; };
		9316EE0B1D89018A00A209BF /* Base */ = {isa = PBXFileReference; lastKnownFileType = file.storyboard; name = Base; path = Base.lproj/LaunchScreen.storyboard; sourceTree = "<group>"; };
		9316EE0D1D89018A00A209BF /* Info.plist */ = {isa = PBXFileReference; lastKnownFileType = text.plist.xml; path = Info.plist; sourceTree = "<group>"; };
		9316EE121D89018A00A209BF /* App-BTests.xctest */ = {isa = PBXFileReference; explicitFileType = wrapper.cfbundle; includeInIndex = 0; path = "App-BTests.xctest"; sourceTree = BUILT_PRODUCTS_DIR; };
		9316EE161D89018A00A209BF /* App_BTests.m */ = {isa = PBXFileReference; lastKnownFileType = sourcecode.c.objc; path = App_BTests.m; sourceTree = "<group>"; };
		9316EE181D89018A00A209BF /* Info.plist */ = {isa = PBXFileReference; lastKnownFileType = text.plist.xml; path = Info.plist; sourceTree = "<group>"; };
		9316EE1D1D89018A00A209BF /* App-BUITests.xctest */ = {isa = PBXFileReference; explicitFileType = wrapper.cfbundle; includeInIndex = 0; path = "App-BUITests.xctest"; sourceTree = BUILT_PRODUCTS_DIR; };
		9316EE211D89018A00A209BF /* App_BUITests.m */ = {isa = PBXFileReference; lastKnownFileType = sourcecode.c.objc; path = App_BUITests.m; sourceTree = "<group>"; };
		9316EE231D89018A00A209BF /* Info.plist */ = {isa = PBXFileReference; lastKnownFileType = text.plist.xml; path = Info.plist; sourceTree = "<group>"; };
		9316EE2F1D89758E00A209BF /* Page1ViewController.h */ = {isa = PBXFileReference; fileEncoding = 4; lastKnownFileType = sourcecode.c.h; name = Page1ViewController.h; path = ../Page1ViewController.h; sourceTree = "<group>"; };
		9316EE301D89758E00A209BF /* Page1ViewController.m */ = {isa = PBXFileReference; fileEncoding = 4; lastKnownFileType = sourcecode.c.objc; name = Page1ViewController.m; path = ../Page1ViewController.m; sourceTree = "<group>"; };
		9316EE321D8975B100A209BF /* Page2ViewController.h */ = {isa = PBXFileReference; fileEncoding = 4; lastKnownFileType = sourcecode.c.h; path = Page2ViewController.h; sourceTree = "<group>"; };
		9316EE331D8975B100A209BF /* Page2ViewController.m */ = {isa = PBXFileReference; fileEncoding = 4; lastKnownFileType = sourcecode.c.objc; path = Page2ViewController.m; sourceTree = "<group>"; };
/* End PBXFileReference section */

/* Begin PBXFrameworksBuildPhase section */
		9316EDF61D89018A00A209BF /* Frameworks */ = {
			isa = PBXFrameworksBuildPhase;
			buildActionMask = 2147483647;
			files = (
			);
			runOnlyForDeploymentPostprocessing = 0;
		};
		9316EE0F1D89018A00A209BF /* Frameworks */ = {
			isa = PBXFrameworksBuildPhase;
			buildActionMask = 2147483647;
			files = (
			);
			runOnlyForDeploymentPostprocessing = 0;
		};
		9316EE1A1D89018A00A209BF /* Frameworks */ = {
			isa = PBXFrameworksBuildPhase;
			buildActionMask = 2147483647;
			files = (
			);
			runOnlyForDeploymentPostprocessing = 0;
		};
/* End PBXFrameworksBuildPhase section */

/* Begin PBXGroup section */
		9316EDF01D89018A00A209BF = {
			isa = PBXGroup;
			children = (
				9316EDFB1D89018A00A209BF /* App-B */,
				9316EE151D89018A00A209BF /* App-BTests */,
				9316EE201D89018A00A209BF /* App-BUITests */,
				9316EDFA1D89018A00A209BF /* Products */,
			);
			sourceTree = "<group>";
		};
		9316EDFA1D89018A00A209BF /* Products */ = {
			isa = PBXGroup;
			children = (
				9316EDF91D89018A00A209BF /* App-B.app */,
				9316EE121D89018A00A209BF /* App-BTests.xctest */,
				9316EE1D1D89018A00A209BF /* App-BUITests.xctest */,
			);
			name = Products;
			sourceTree = "<group>";
		};
		9316EDFB1D89018A00A209BF /* App-B */ = {
			isa = PBXGroup;
			children = (
				9316EDFF1D89018A00A209BF /* AppDelegate.h */,
				9316EE001D89018A00A209BF /* AppDelegate.m */,
				9316EE021D89018A00A209BF /* ViewController.h */,
				9316EE031D89018A00A209BF /* ViewController.m */,
				9316EE051D89018A00A209BF /* Main.storyboard */,
				9316EE2F1D89758E00A209BF /* Page1ViewController.h */,
				9316EE301D89758E00A209BF /* Page1ViewController.m */,
				9316EE321D8975B100A209BF /* Page2ViewController.h */,
				9316EE331D8975B100A209BF /* Page2ViewController.m */,
				9316EE081D89018A00A209BF /* Assets.xcassets */,
				9316EE0A1D89018A00A209BF /* LaunchScreen.storyboard */,
				9316EE0D1D89018A00A209BF /* Info.plist */,
				9316EDFC1D89018A00A209BF /* Supporting Files */,
			);
			path = "App-B";
			sourceTree = "<group>";
		};
		9316EDFC1D89018A00A209BF /* Supporting Files */ = {
			isa = PBXGroup;
			children = (
				9316EDFD1D89018A00A209BF /* main.m */,
			);
			name = "Supporting Files";
			sourceTree = "<group>";
		};
		9316EE151D89018A00A209BF /* App-BTests */ = {
			isa = PBXGroup;
			children = (
				9316EE161D89018A00A209BF /* App_BTests.m */,
				9316EE181D89018A00A209BF /* Info.plist */,
			);
			path = "App-BTests";
			sourceTree = "<group>";
		};
		9316EE201D89018A00A209BF /* App-BUITests */ = {
			isa = PBXGroup;
			children = (
				9316EE211D89018A00A209BF /* App_BUITests.m */,
				9316EE231D89018A00A209BF /* Info.plist */,
			);
			path = "App-BUITests";
			sourceTree = "<group>";
		};
/* End PBXGroup section */

/* Begin PBXNativeTarget section */
		9316EDF81D89018A00A209BF /* App-B */ = {
			isa = PBXNativeTarget;
			buildConfigurationList = 9316EE261D89018A00A209BF /* Build configuration list for PBXNativeTarget "App-B" */;
			buildPhases = (
				9316EDF51D89018A00A209BF /* Sources */,
				9316EDF61D89018A00A209BF /* Frameworks */,
				9316EDF71D89018A00A209BF /* Resources */,
			);
			buildRules = (
			);
			dependencies = (
			);
			name = "App-B";
			productName = "App-B";
			productReference = 9316EDF91D89018A00A209BF /* App-B.app */;
			productType = "com.apple.product-type.application";
		};
		9316EE111D89018A00A209BF /* App-BTests */ = {
			isa = PBXNativeTarget;
			buildConfigurationList = 9316EE291D89018A00A209BF /* Build configuration list for PBXNativeTarget "App-BTests" */;
			buildPhases = (
				9316EE0E1D89018A00A209BF /* Sources */,
				9316EE0F1D89018A00A209BF /* Frameworks */,
				9316EE101D89018A00A209BF /* Resources */,
			);
			buildRules = (
			);
			dependencies = (
				9316EE141D89018A00A209BF /* PBXTargetDependency */,
			);
			name = "App-BTests";
			productName = "App-BTests";
			productReference = 9316EE121D89018A00A209BF /* App-BTests.xctest */;
			productType = "com.apple.product-type.bundle.unit-test";
		};
		9316EE1C1D89018A00A209BF /* App-BUITests */ = {
			isa = PBXNativeTarget;
			buildConfigurationList = 9316EE2C1D89018A00A209BF /* Build configuration list for PBXNativeTarget "App-BUITests" */;
			buildPhases = (
				9316EE191D89018A00A209BF /* Sources */,
				9316EE1A1D89018A00A209BF /* Frameworks */,
				9316EE1B1D89018A00A209BF /* Resources */,
			);
			buildRules = (
			);
			dependencies = (
				9316EE1F1D89018A00A209BF /* PBXTargetDependency */,
			);
			name = "App-BUITests";
			productName = "App-BUITests";
			productReference = 9316EE1D1D89018A00A209BF /* App-BUITests.xctest */;
			productType = "com.apple.product-type.bundle.ui-testing";
		};
/* End PBXNativeTarget section */

/* Begin PBXProject section */
		9316EDF11D89018A00A209BF /* Project object */ = {
			isa = PBXProject;
			attributes = {
				LastUpgradeCheck = 0720;
				ORGANIZATIONNAME = lianai911;
				TargetAttributes = {
					9316EDF81D89018A00A209BF = {
						CreatedOnToolsVersion = 7.2.1;
						DevelopmentTeam = CCBX4CAVF4;
					};
					9316EE111D89018A00A209BF = {
						CreatedOnToolsVersion = 7.2.1;
						DevelopmentTeam = CCBX4CAVF4;
						TestTargetID = 9316EDF81D89018A00A209BF;
					};
					9316EE1C1D89018A00A209BF = {
						CreatedOnToolsVersion = 7.2.1;
						DevelopmentTeam = CCBX4CAVF4;
						TestTargetID = 9316EDF81D89018A00A209BF;
					};
				};
			};
			buildConfigurationList = 9316EDF41D89018A00A209BF /* Build configuration list for PBXProject "App-B" */;
			compatibilityVersion = "Xcode 3.2";
			developmentRegion = English;
			hasScannedForEncodings = 0;
			knownRegions = (
				en,
				Base,
			);
			mainGroup = 9316EDF01D89018A00A209BF;
			productRefGroup = 9316EDFA1D89018A00A209BF /* Products */;
			projectDirPath = "";
			projectRoot = "";
			targets = (
				9316EDF81D89018A00A209BF /* App-B */,
				9316EE111D89018A00A209BF /* App-BTests */,
				9316EE1C1D89018A00A209BF /* App-BUITests */,
			);
		};
/* End PBXProject section */

/* Begin PBXResourcesBuildPhase section */
		9316EDF71D89018A00A209BF /* Resources */ = {
			isa = PBXResourcesBuildPhase;
			buildActionMask = 2147483647;
			files = (
				9316EE0C1D89018A00A209BF /* LaunchScreen.storyboard in Resources */,
				9316EE091D89018A00A209BF /* Assets.xcassets in Resources */,
				9316EE071D89018A00A209BF /* Main.storyboard in Resources */,
			);
			runOnlyForDeploymentPostprocessing = 0;
		};
		9316EE101D89018A00A209BF /* Resources */ = {
			isa = PBXResourcesBuildPhase;
			buildActionMask = 2147483647;
			files = (
			);
			runOnlyForDeploymentPostprocessing = 0;
		};
		9316EE1B1D89018A00A209BF /* Resources */ = {
			isa = PBXResourcesBuildPhase;
			buildActionMask = 2147483647;
			files = (
			);
			runOnlyForDeploymentPostprocessing = 0;
		};
/* End PBXResourcesBuildPhase section */

/* Begin PBXSourcesBuildPhase section */
		9316EDF51D89018A00A209BF /* Sources */ = {
			isa = PBXSourcesBuildPhase;
			buildActionMask = 2147483647;
			files = (
				9316EE041D89018A00A209BF /* ViewController.m in Sources */,
				9316EE311D89758E00A209BF /* Page1ViewController.m in Sources */,
				9316EE011D89018A00A209BF /* AppDelegate.m in Sources */,
				9316EDFE1D89018A00A209BF /* main.m in Sources */,
				9316EE341D8975B100A209BF /* Page2ViewController.m in Sources */,
			);
			runOnlyForDeploymentPostprocessing = 0;
		};
		9316EE0E1D89018A00A209BF /* Sources */ = {
			isa = PBXSourcesBuildPhase;
			buildActionMask = 2147483647;
			files = (
				9316EE171D89018A00A209BF /* App_BTests.m in Sources */,
			);
			runOnlyForDeploymentPostprocessing = 0;
		};
		9316EE191D89018A00A209BF /* Sources */ = {
			isa = PBXSourcesBuildPhase;
			buildActionMask = 2147483647;
			files = (
				9316EE221D89018A00A209BF /* App_BUITests.m in Sources */,
			);
			runOnlyForDeploymentPostprocessing = 0;
		};
/* End PBXSourcesBuildPhase section */

/* Begin PBXTargetDependency section */
		9316EE141D89018A00A209BF /* PBXTargetDependency */ = {
			isa = PBXTargetDependency;
			target = 9316EDF81D89018A00A209BF /* App-B */;
			targetProxy = 9316EE131D89018A00A209BF /* PBXContainerItemProxy */;
		};
		9316EE1F1D89018A00A209BF /* PBXTargetDependency */ = {
			isa = PBXTargetDependency;
			target = 9316EDF81D89018A00A209BF /* App-B */;
			targetProxy = 9316EE1E1D89018A00A209BF /* PBXContainerItemProxy */;
		};
/* End PBXTargetDependency section */

/* Begin PBXVariantGroup section */
		9316EE051D89018A00A209BF /* Main.storyboard */ = {
			isa = PBXVariantGroup;
			children = (
				9316EE061D89018A00A209BF /* Base */,
			);
			name = Main.storyboard;
			sourceTree = "<group>";
		};
		9316EE0A1D89018A00A209BF /* LaunchScreen.storyboard */ = {
			isa = PBXVariantGroup;
			children = (
				9316EE0B1D89018A00A209BF /* Base */,
			);
			name = LaunchScreen.storyboard;
			sourceTree = "<group>";
		};
/* End PBXVariantGroup section */

/* Begin XCBuildConfiguration section */
		9316EE241D89018A00A209BF /* Debug */ = {
			isa = XCBuildConfiguration;
			buildSettings = {
				ALWAYS_SEARCH_USER_PATHS = NO;
				CLANG_CXX_LANGUAGE_STANDARD = "gnu++0x";
				CLANG_CXX_LIBRARY = "libc++";
				CLANG_ENABLE_MODULES = YES;
				CLANG_ENABLE_OBJC_ARC = YES;
				CLANG_WARN_BOOL_CONVERSION = YES;
				CLANG_WARN_CONSTANT_CONVERSION = YES;
				CLANG_WARN_DIRECT_OBJC_ISA_USAGE = YES_ERROR;
				CLANG_WARN_EMPTY_BODY = YES;
				CLANG_WARN_ENUM_CONVERSION = YES;
				CLANG_WARN_INT_CONVERSION = YES;
				CLANG_WARN_OBJC_ROOT_CLASS = YES_ERROR;
				CLANG_WARN_UNREACHABLE_CODE = YES;
				CLANG_WARN__DUPLICATE_METHOD_MATCH = YES;
				"CODE_SIGN_IDENTITY[sdk=iphoneos*]" = "iPhone Developer";
				COPY_PHASE_STRIP = NO;
				DEBUG_INFORMATION_FORMAT = dwarf;
				ENABLE_STRICT_OBJC_MSGSEND = YES;
				ENABLE_TESTABILITY = YES;
				GCC_C_LANGUAGE_STANDARD = gnu99;
				GCC_DYNAMIC_NO_PIC = NO;
				GCC_NO_COMMON_BLOCKS = YES;
				GCC_OPTIMIZATION_LEVEL = 0;
				GCC_PREPROCESSOR_DEFINITIONS = (
					"DEBUG=1",
					"$(inherited)",
				);
				GCC_WARN_64_TO_32_BIT_CONVERSION = YES;
				GCC_WARN_ABOUT_RETURN_TYPE = YES_ERROR;
				GCC_WARN_UNDECLARED_SELECTOR = YES;
				GCC_WARN_UNINITIALIZED_AUTOS = YES_AGGRESSIVE;
				GCC_WARN_UNUSED_FUNCTION = YES;
				GCC_WARN_UNUSED_VARIABLE = YES;
				IPHONEOS_DEPLOYMENT_TARGET = 9.2;
				MTL_ENABLE_DEBUG_INFO = YES;
				ONLY_ACTIVE_ARCH = YES;
				SDKROOT = iphoneos;
			};
			name = Debug;
		};
		9316EE251D89018A00A209BF /* Release */ = {
			isa = XCBuildConfiguration;
			buildSettings = {
				ALWAYS_SEARCH_USER_PATHS = NO;
				CLANG_CXX_LANGUAGE_STANDARD = "gnu++0x";
				CLANG_CXX_LIBRARY = "libc++";
				CLANG_ENABLE_MODULES = YES;
				CLANG_ENABLE_OBJC_ARC = YES;
				CLANG_WARN_BOOL_CONVERSION = YES;
				CLANG_WARN_CONSTANT_CONVERSION = YES;
				CLANG_WARN_DIRECT_OBJC_ISA_USAGE = YES_ERROR;
				CLANG_WARN_EMPTY_BODY = YES;
				CLANG_WARN_ENUM_CONVERSION = YES;
				CLANG_WARN_INT_CONVERSION = YES;
				CLANG_WARN_OBJC_ROOT_CLASS = YES_ERROR;
				CLANG_WARN_UNREACHABLE_CODE = YES;
				CLANG_WARN__DUPLICATE_METHOD_MATCH = YES;
				"CODE_SIGN_IDENTITY[sdk=iphoneos*]" = "iPhone Developer";
				COPY_PHASE_STRIP = NO;
				DEBUG_INFORMATION_FORMAT = "dwarf-with-dsym";
				ENABLE_NS_ASSERTIONS = NO;
				ENABLE_STRICT_OBJC_MSGSEND = YES;
				GCC_C_LANGUAGE_STANDARD = gnu99;
				GCC_NO_COMMON_BLOCKS = YES;
				GCC_WARN_64_TO_32_BIT_CONVERSION = YES;
				GCC_WARN_ABOUT_RETURN_TYPE = YES_ERROR;
				GCC_WARN_UNDECLARED_SELECTOR = YES;
				GCC_WARN_UNINITIALIZED_AUTOS = YES_AGGRESSIVE;
				GCC_WARN_UNUSED_FUNCTION = YES;
				GCC_WARN_UNUSED_VARIABLE = YES;
				IPHONEOS_DEPLOYMENT_TARGET = 9.2;
				MTL_ENABLE_DEBUG_INFO = NO;
				SDKROOT = iphoneos;
				VALIDATE_PRODUCT = YES;
			};
			name = Release;
		};
		9316EE271D89018A00A209BF /* Debug */ = {
			isa = XCBuildConfiguration;
			buildSettings = {
				ASSETCATALOG_COMPILER_APPICON_NAME = AppIcon;
				INFOPLIST_FILE = "App-B/Info.plist";
				LD_RUNPATH_SEARCH_PATHS = "$(inherited) @executable_path/Frameworks";
				PRODUCT_BUNDLE_IDENTIFIER = "cn.lianai911.App-B";
				PRODUCT_NAME = "$(TARGET_NAME)";
			};
			name = Debug;
		};
		9316EE281D89018A00A209BF /* Release */ = {
			isa = XCBuildConfiguration;
			buildSettings = {
				ASSETCATALOG_COMPILER_APPICON_NAME = AppIcon;
				INFOPLIST_FILE = "App-B/Info.plist";
				LD_RUNPATH_SEARCH_PATHS = "$(inherited) @executable_path/Frameworks";
				PRODUCT_BUNDLE_IDENTIFIER = "cn.lianai911.App-B";
				PRODUCT_NAME = "$(TARGET_NAME)";
			};
			name = Release;
		};
		9316EE2A1D89018A00A209BF /* Debug */ = {
			isa = XCBuildConfiguration;
			buildSettings = {
				BUNDLE_LOADER = "$(TEST_HOST)";
				INFOPLIST_FILE = "App-BTests/Info.plist";
				LD_RUNPATH_SEARCH_PATHS = "$(inherited) @executable_path/Frameworks @loader_path/Frameworks";
				PRODUCT_BUNDLE_IDENTIFIER = "cn.lianai911.App-BTests";
				PRODUCT_NAME = "$(TARGET_NAME)";
				TEST_HOST = "$(BUILT_PRODUCTS_DIR)/App-B.app/App-B";
			};
			name = Debug;
		};
		9316EE2B1D89018A00A209BF /* Release */ = {
			isa = XCBuildConfiguration;
			buildSettings = {
				BUNDLE_LOADER = "$(TEST_HOST)";
				INFOPLIST_FILE = "App-BTests/Info.plist";
				LD_RUNPATH_SEARCH_PATHS = "$(inherited) @executable_path/Frameworks @loader_path/Frameworks";
				PRODUCT_BUNDLE_IDENTIFIER = "cn.lianai911.App-BTests";
				PRODUCT_NAME = "$(TARGET_NAME)";
				TEST_HOST = "$(BUILT_PRODUCTS_DIR)/App-B.app/App-B";
			};
			name = Release;
		};
		9316EE2D1D89018A00A209BF /* Debug */ = {
			isa = XCBuildConfiguration;
			buildSettings = {
				INFOPLIST_FILE = "App-BUITests/Info.plist";
				LD_RUNPATH_SEARCH_PATHS = "$(inherited) @executable_path/Frameworks @loader_path/Frameworks";
				PRODUCT_BUNDLE_IDENTIFIER = "cn.lianai911.App-BUITests";
				PRODUCT_NAME = "$(TARGET_NAME)";
				TEST_TARGET_NAME = "App-B";
				USES_XCTRUNNER = YES;
			};
			name = Debug;
		};
		9316EE2E1D89018A00A209BF /* Release */ = {
			isa = XCBuildConfiguration;
			buildSettings = {
				INFOPLIST_FILE = "App-BUITests/Info.plist";
				LD_RUNPATH_SEARCH_PATHS = "$(inherited) @executable_path/Frameworks @loader_path/Frameworks";
				PRODUCT_BUNDLE_IDENTIFIER = "cn.lianai911.App-BUITests";
				PRODUCT_NAME = "$(TARGET_NAME)";
				TEST_TARGET_NAME = "App-B";
				USES_XCTRUNNER = YES;
			};
			name = Release;
		};
/* End XCBuildConfiguration section */

/* Begin XCConfigurationList section */
		9316EDF41D89018A00A209BF /* Build configuration list for PBXProject "App-B" */ = {
			isa = XCConfigurationList;
			buildConfigurations = (
				9316EE241D89018A00A209BF /* Debug */,
				9316EE251D89018A00A209BF /* Release */,
			);
			defaultConfigurationIsVisible = 0;
			defaultConfigurationName = Release;
		};
		9316EE261D89018A00A209BF /* Build configuration list for PBXNativeTarget "App-B" */ = {
			isa = XCConfigurationList;
			buildConfigurations = (
				9316EE271D89018A00A209BF /* Debug */,
				9316EE281D89018A00A209BF /* Release */,
			);
			defaultConfigurationIsVisible = 0;
		};
		9316EE291D89018A00A209BF /* Build configuration list for PBXNativeTarget "App-BTests" */ = {
			isa = XCConfigurationList;
			buildConfigurations = (
				9316EE2A1D89018A00A209BF /* Debug */,
				9316EE2B1D89018A00A209BF /* Release */,
			);
			defaultConfigurationIsVisible = 0;
		};
		9316EE2C1D89018A00A209BF /* Build configuration list for PBXNativeTarget "App-BUITests" */ = {
			isa = XCConfigurationList;
			buildConfigurations = (
				9316EE2D1D89018A00A209BF /* Debug */,
				9316EE2E1D89018A00A209BF /* Release */,
			);
			defaultConfigurationIsVisible = 0;
		};
/* End XCConfigurationList section */
	};
	rootObject = 9316EDF11D89018A00A209BF /* Project object */;
}
